<?xml version="1.0" encoding="utf-8"?>
<Project ToolsVersion="14.0" xmlns="http://schemas.microsoft.com/developer/msbuild/2003">
  <ItemGroup>
    <CustomBuild Include="D:\curl\curl-7.60.0\build_x64\CMakeFiles\8639e41fee149e8d6a665b8d825cbc20\INSTALL_force.rule">
      <Filter>CMake Rules</Filter>
    </CustomBuild>
  </ItemGroup>
  <ItemGroup>
    <Filter Include="CMake Rules">
      <UniqueIdentifier>{A6B549F2-667C-3195-970C-220A6A16ABB9}</UniqueIdentifier>
    </Filter>
  </ItemGroup>
</Project>
