<?xml version="1.0" encoding="utf-8"?>
<Project ToolsVersion="14.0" xmlns="http://schemas.microsoft.com/developer/msbuild/2003">
  <ItemGroup>
    <ClCompile Include="D:\curl\curl-7.60.0\lib\mprintf.c">
      <Filter>Source Files</Filter>
    </ClCompile>
    <ClCompile Include="D:\curl\curl-7.60.0\lib\nonblock.c">
      <Filter>Source Files</Filter>
    </ClCompile>
    <ClCompile Include="D:\curl\curl-7.60.0\lib\strtoofft.c">
      <Filter>Source Files</Filter>
    </ClCompile>
    <ClCompile Include="D:\curl\curl-7.60.0\lib\warnless.c">
      <Filter>Source Files</Filter>
    </ClCompile>
    <ClCompile Include="D:\curl\curl-7.60.0\lib\curl_ctype.c">
      <Filter>Source Files</Filter>
    </ClCompile>
    <ClCompile Include="D:\curl\curl-7.60.0\tests\server\getpart.c">
      <Filter>Source Files</Filter>
    </ClCompile>
    <ClCompile Include="D:\curl\curl-7.60.0\lib\base64.c">
      <Filter>Source Files</Filter>
    </ClCompile>
    <ClCompile Include="D:\curl\curl-7.60.0\lib\memdebug.c">
      <Filter>Source Files</Filter>
    </ClCompile>
    <ClCompile Include="D:\curl\curl-7.60.0\tests\server\util.c">
      <Filter>Source Files</Filter>
    </ClCompile>
    <ClCompile Include="D:\curl\curl-7.60.0\tests\server\sws.c">
      <Filter>Source Files</Filter>
    </ClCompile>
    <ClCompile Include="D:\curl\curl-7.60.0\lib\inet_pton.c">
      <Filter>Source Files</Filter>
    </ClCompile>
  </ItemGroup>
  <ItemGroup>
    <ClInclude Include="D:\curl\curl-7.60.0\lib\curlx.h">
      <Filter>Header Files</Filter>
    </ClInclude>
    <ClInclude Include="D:\curl\curl-7.60.0\lib\nonblock.h">
      <Filter>Header Files</Filter>
    </ClInclude>
    <ClInclude Include="D:\curl\curl-7.60.0\lib\strtoofft.h">
      <Filter>Header Files</Filter>
    </ClInclude>
    <ClInclude Include="D:\curl\curl-7.60.0\lib\warnless.h">
      <Filter>Header Files</Filter>
    </ClInclude>
    <ClInclude Include="D:\curl\curl-7.60.0\lib\curl_ctype.h">
      <Filter>Header Files</Filter>
    </ClInclude>
    <ClInclude Include="D:\curl\curl-7.60.0\tests\server\getpart.h">
      <Filter>Header Files</Filter>
    </ClInclude>
    <ClInclude Include="D:\curl\curl-7.60.0\tests\server\server_setup.h">
      <Filter>Header Files</Filter>
    </ClInclude>
    <ClInclude Include="D:\curl\curl-7.60.0\lib\curl_base64.h">
      <Filter>Header Files</Filter>
    </ClInclude>
    <ClInclude Include="D:\curl\curl-7.60.0\lib\memdebug.h">
      <Filter>Header Files</Filter>
    </ClInclude>
    <ClInclude Include="D:\curl\curl-7.60.0\tests\server\util.h">
      <Filter>Header Files</Filter>
    </ClInclude>
    <ClInclude Include="D:\curl\curl-7.60.0\tests\server\server_sockaddr.h">
      <Filter>Header Files</Filter>
    </ClInclude>
  </ItemGroup>
  <ItemGroup>
    <CustomBuild Include="D:\curl\curl-7.60.0\tests\server\CMakeLists.txt" />
  </ItemGroup>
  <ItemGroup>
    <Filter Include="Header Files">
      <UniqueIdentifier>{2D7A4A70-2BB0-3B8C-96FB-BE5E7CB69CB9}</UniqueIdentifier>
    </Filter>
    <Filter Include="Source Files">
      <UniqueIdentifier>{7998D145-DF7E-3E1F-B19D-5C44FAED7F3B}</UniqueIdentifier>
    </Filter>
  </ItemGroup>
</Project>
