Microsoft Visual Studio Solution File, Format Version 12.00
# Visual Studio 14
VisualStudioVersion = 14.0.25420.1
MinimumVisualStudioVersion = 10.0.40219.1
Project("{8BC9CEB8-8B4A-11D0-8D11-00A0C91BC942}") = "curl", "src\curl.vcxproj", "{11FCBAAC-BDAA-3C62-A6FD-644FA660DD42}"
	ProjectSection(ProjectDependencies) = postProject
		{FD0BE541-999D-368F-9375-836D559D58AA} = {FD0BE541-999D-368F-9375-836D559D58AA}
	EndProjectSection
EndProject
Project("{8BC9CEB8-8B4A-11D0-8D11-00A0C91BC942}") = "libcurl", "lib\libcurl.vcxproj", "{FD0BE541-999D-368F-9375-836D559D58AA}"
EndProject
Global
	GlobalSection(SolutionConfigurationPlatforms) = preSolution
		Debug|Win32 = Debug|Win32
		MinSizeRel|Win32 = MinSizeRel|Win32
		Release|Win32 = Release|Win32
		RelWithDebInfo|Win32 = RelWithDebInfo|Win32
	EndGlobalSection
	GlobalSection(ProjectConfigurationPlatforms) = postSolution
		{11FCBAAC-BDAA-3C62-A6FD-644FA660DD42}.Debug|Win32.ActiveCfg = Debug|Win32
		{11FCBAAC-BDAA-3C62-A6FD-644FA660DD42}.Debug|Win32.Build.0 = Debug|Win32
		{11FCBAAC-BDAA-3C62-A6FD-644FA660DD42}.MinSizeRel|Win32.ActiveCfg = MinSizeRel|Win32
		{11FCBAAC-BDAA-3C62-A6FD-644FA660DD42}.MinSizeRel|Win32.Build.0 = MinSizeRel|Win32
		{11FCBAAC-BDAA-3C62-A6FD-644FA660DD42}.Release|Win32.ActiveCfg = Release|Win32
		{11FCBAAC-BDAA-3C62-A6FD-644FA660DD42}.Release|Win32.Build.0 = Release|Win32
		{11FCBAAC-BDAA-3C62-A6FD-644FA660DD42}.RelWithDebInfo|Win32.ActiveCfg = RelWithDebInfo|Win32
		{11FCBAAC-BDAA-3C62-A6FD-644FA660DD42}.RelWithDebInfo|Win32.Build.0 = RelWithDebInfo|Win32
		{FD0BE541-999D-368F-9375-836D559D58AA}.Debug|Win32.ActiveCfg = Debug|Win32
		{FD0BE541-999D-368F-9375-836D559D58AA}.Debug|Win32.Build.0 = Debug|Win32
		{FD0BE541-999D-368F-9375-836D559D58AA}.MinSizeRel|Win32.ActiveCfg = MinSizeRel|Win32
		{FD0BE541-999D-368F-9375-836D559D58AA}.MinSizeRel|Win32.Build.0 = MinSizeRel|Win32
		{FD0BE541-999D-368F-9375-836D559D58AA}.Release|Win32.ActiveCfg = Release|Win32
		{FD0BE541-999D-368F-9375-836D559D58AA}.Release|Win32.Build.0 = Release|Win32
		{FD0BE541-999D-368F-9375-836D559D58AA}.RelWithDebInfo|Win32.ActiveCfg = RelWithDebInfo|Win32
		{FD0BE541-999D-368F-9375-836D559D58AA}.RelWithDebInfo|Win32.Build.0 = RelWithDebInfo|Win32
	EndGlobalSection
	GlobalSection(SolutionProperties) = preSolution
		HideSolutionNode = FALSE
	EndGlobalSection
	GlobalSection(ExtensibilityGlobals) = postSolution
		SolutionGuid = {4C718CE6-D8E4-3149-A2C2-F6FFEF82E6F2}
	EndGlobalSection
EndGlobal
