<?xml version="1.0" encoding="utf-8"?>
<Project ToolsVersion="14.0" xmlns="http://schemas.microsoft.com/developer/msbuild/2003">
  <ItemGroup>
    <ClCompile Include="D:\curl\curl-7.60.0\src\slist_wc.c">
      <Filter>curl source files</Filter>
    </ClCompile>
    <ClCompile Include="D:\curl\curl-7.60.0\src\tool_binmode.c">
      <Filter>curl source files</Filter>
    </ClCompile>
    <ClCompile Include="D:\curl\curl-7.60.0\src\tool_bname.c">
      <Filter>curl source files</Filter>
    </ClCompile>
    <ClCompile Include="D:\curl\curl-7.60.0\src\tool_cb_dbg.c">
      <Filter>curl source files</Filter>
    </ClCompile>
    <ClCompile Include="D:\curl\curl-7.60.0\src\tool_cb_hdr.c">
      <Filter>curl source files</Filter>
    </ClCompile>
    <ClCompile Include="D:\curl\curl-7.60.0\src\tool_cb_prg.c">
      <Filter>curl source files</Filter>
    </ClCompile>
    <ClCompile Include="D:\curl\curl-7.60.0\src\tool_cb_rea.c">
      <Filter>curl source files</Filter>
    </ClCompile>
    <ClCompile Include="D:\curl\curl-7.60.0\src\tool_cb_see.c">
      <Filter>curl source files</Filter>
    </ClCompile>
    <ClCompile Include="D:\curl\curl-7.60.0\src\tool_cb_wrt.c">
      <Filter>curl source files</Filter>
    </ClCompile>
    <ClCompile Include="D:\curl\curl-7.60.0\src\tool_cfgable.c">
      <Filter>curl source files</Filter>
    </ClCompile>
    <ClCompile Include="D:\curl\curl-7.60.0\src\tool_convert.c">
      <Filter>curl source files</Filter>
    </ClCompile>
    <ClCompile Include="D:\curl\curl-7.60.0\src\tool_dirhie.c">
      <Filter>curl source files</Filter>
    </ClCompile>
    <ClCompile Include="D:\curl\curl-7.60.0\src\tool_doswin.c">
      <Filter>curl source files</Filter>
    </ClCompile>
    <ClCompile Include="D:\curl\curl-7.60.0\src\tool_easysrc.c">
      <Filter>curl source files</Filter>
    </ClCompile>
    <ClCompile Include="D:\curl\curl-7.60.0\src\tool_filetime.c">
      <Filter>curl source files</Filter>
    </ClCompile>
    <ClCompile Include="D:\curl\curl-7.60.0\src\tool_formparse.c">
      <Filter>curl source files</Filter>
    </ClCompile>
    <ClCompile Include="D:\curl\curl-7.60.0\src\tool_getparam.c">
      <Filter>curl source files</Filter>
    </ClCompile>
    <ClCompile Include="D:\curl\curl-7.60.0\src\tool_getpass.c">
      <Filter>curl source files</Filter>
    </ClCompile>
    <ClCompile Include="D:\curl\curl-7.60.0\src\tool_help.c">
      <Filter>curl source files</Filter>
    </ClCompile>
    <ClCompile Include="D:\curl\curl-7.60.0\src\tool_helpers.c">
      <Filter>curl source files</Filter>
    </ClCompile>
    <ClCompile Include="D:\curl\curl-7.60.0\src\tool_homedir.c">
      <Filter>curl source files</Filter>
    </ClCompile>
    <ClCompile Include="D:\curl\curl-7.60.0\build_x86\src\tool_hugehelp.c">
      <Filter>Source Files</Filter>
    </ClCompile>
    <ClCompile Include="D:\curl\curl-7.60.0\src\tool_libinfo.c">
      <Filter>curl source files</Filter>
    </ClCompile>
    <ClCompile Include="D:\curl\curl-7.60.0\src\tool_main.c">
      <Filter>curl source files</Filter>
    </ClCompile>
    <ClCompile Include="D:\curl\curl-7.60.0\src\tool_metalink.c">
      <Filter>curl source files</Filter>
    </ClCompile>
    <ClCompile Include="D:\curl\curl-7.60.0\src\tool_msgs.c">
      <Filter>curl source files</Filter>
    </ClCompile>
    <ClCompile Include="D:\curl\curl-7.60.0\src\tool_operate.c">
      <Filter>curl source files</Filter>
    </ClCompile>
    <ClCompile Include="D:\curl\curl-7.60.0\src\tool_operhlp.c">
      <Filter>curl source files</Filter>
    </ClCompile>
    <ClCompile Include="D:\curl\curl-7.60.0\src\tool_panykey.c">
      <Filter>curl source files</Filter>
    </ClCompile>
    <ClCompile Include="D:\curl\curl-7.60.0\src\tool_paramhlp.c">
      <Filter>curl source files</Filter>
    </ClCompile>
    <ClCompile Include="D:\curl\curl-7.60.0\src\tool_parsecfg.c">
      <Filter>curl source files</Filter>
    </ClCompile>
    <ClCompile Include="D:\curl\curl-7.60.0\src\tool_strdup.c">
      <Filter>curl source files</Filter>
    </ClCompile>
    <ClCompile Include="D:\curl\curl-7.60.0\src\tool_setopt.c">
      <Filter>curl source files</Filter>
    </ClCompile>
    <ClCompile Include="D:\curl\curl-7.60.0\src\tool_sleep.c">
      <Filter>curl source files</Filter>
    </ClCompile>
    <ClCompile Include="D:\curl\curl-7.60.0\src\tool_urlglob.c">
      <Filter>curl source files</Filter>
    </ClCompile>
    <ClCompile Include="D:\curl\curl-7.60.0\src\tool_util.c">
      <Filter>curl source files</Filter>
    </ClCompile>
    <ClCompile Include="D:\curl\curl-7.60.0\src\tool_vms.c">
      <Filter>curl source files</Filter>
    </ClCompile>
    <ClCompile Include="D:\curl\curl-7.60.0\src\tool_writeout.c">
      <Filter>curl source files</Filter>
    </ClCompile>
    <ClCompile Include="D:\curl\curl-7.60.0\src\tool_xattr.c">
      <Filter>curl source files</Filter>
    </ClCompile>
    <ClCompile Include="D:\curl\curl-7.60.0\lib\strtoofft.c">
      <Filter>curlX source files</Filter>
    </ClCompile>
    <ClCompile Include="D:\curl\curl-7.60.0\lib\nonblock.c">
      <Filter>curlX source files</Filter>
    </ClCompile>
    <ClCompile Include="D:\curl\curl-7.60.0\lib\warnless.c">
      <Filter>curlX source files</Filter>
    </ClCompile>
    <ClCompile Include="D:\curl\curl-7.60.0\lib\curl_ctype.c">
      <Filter>curlX source files</Filter>
    </ClCompile>
  </ItemGroup>
  <ItemGroup>
    <ClInclude Include="D:\curl\curl-7.60.0\src\slist_wc.h">
      <Filter>curl header files</Filter>
    </ClInclude>
    <ClInclude Include="D:\curl\curl-7.60.0\src\tool_binmode.h">
      <Filter>curl header files</Filter>
    </ClInclude>
    <ClInclude Include="D:\curl\curl-7.60.0\src\tool_bname.h">
      <Filter>curl header files</Filter>
    </ClInclude>
    <ClInclude Include="D:\curl\curl-7.60.0\src\tool_cb_dbg.h">
      <Filter>curl header files</Filter>
    </ClInclude>
    <ClInclude Include="D:\curl\curl-7.60.0\src\tool_cb_hdr.h">
      <Filter>curl header files</Filter>
    </ClInclude>
    <ClInclude Include="D:\curl\curl-7.60.0\src\tool_cb_prg.h">
      <Filter>curl header files</Filter>
    </ClInclude>
    <ClInclude Include="D:\curl\curl-7.60.0\src\tool_cb_rea.h">
      <Filter>curl header files</Filter>
    </ClInclude>
    <ClInclude Include="D:\curl\curl-7.60.0\src\tool_cb_see.h">
      <Filter>curl header files</Filter>
    </ClInclude>
    <ClInclude Include="D:\curl\curl-7.60.0\src\tool_cb_wrt.h">
      <Filter>curl header files</Filter>
    </ClInclude>
    <ClInclude Include="D:\curl\curl-7.60.0\src\tool_cfgable.h">
      <Filter>curl header files</Filter>
    </ClInclude>
    <ClInclude Include="D:\curl\curl-7.60.0\src\tool_convert.h">
      <Filter>curl header files</Filter>
    </ClInclude>
    <ClInclude Include="D:\curl\curl-7.60.0\src\tool_dirhie.h">
      <Filter>curl header files</Filter>
    </ClInclude>
    <ClInclude Include="D:\curl\curl-7.60.0\src\tool_doswin.h">
      <Filter>curl header files</Filter>
    </ClInclude>
    <ClInclude Include="D:\curl\curl-7.60.0\src\tool_easysrc.h">
      <Filter>curl header files</Filter>
    </ClInclude>
    <ClInclude Include="D:\curl\curl-7.60.0\src\tool_filetime.h">
      <Filter>curl header files</Filter>
    </ClInclude>
    <ClInclude Include="D:\curl\curl-7.60.0\src\tool_formparse.h">
      <Filter>curl header files</Filter>
    </ClInclude>
    <ClInclude Include="D:\curl\curl-7.60.0\src\tool_getparam.h">
      <Filter>curl header files</Filter>
    </ClInclude>
    <ClInclude Include="D:\curl\curl-7.60.0\src\tool_getpass.h">
      <Filter>curl header files</Filter>
    </ClInclude>
    <ClInclude Include="D:\curl\curl-7.60.0\src\tool_help.h">
      <Filter>curl header files</Filter>
    </ClInclude>
    <ClInclude Include="D:\curl\curl-7.60.0\src\tool_helpers.h">
      <Filter>curl header files</Filter>
    </ClInclude>
    <ClInclude Include="D:\curl\curl-7.60.0\src\tool_homedir.h">
      <Filter>curl header files</Filter>
    </ClInclude>
    <ClInclude Include="D:\curl\curl-7.60.0\src\tool_hugehelp.h">
      <Filter>curl header files</Filter>
    </ClInclude>
    <ClInclude Include="D:\curl\curl-7.60.0\src\tool_libinfo.h">
      <Filter>curl header files</Filter>
    </ClInclude>
    <ClInclude Include="D:\curl\curl-7.60.0\src\tool_main.h">
      <Filter>curl header files</Filter>
    </ClInclude>
    <ClInclude Include="D:\curl\curl-7.60.0\src\tool_metalink.h">
      <Filter>curl header files</Filter>
    </ClInclude>
    <ClInclude Include="D:\curl\curl-7.60.0\src\tool_msgs.h">
      <Filter>curl header files</Filter>
    </ClInclude>
    <ClInclude Include="D:\curl\curl-7.60.0\src\tool_operate.h">
      <Filter>curl header files</Filter>
    </ClInclude>
    <ClInclude Include="D:\curl\curl-7.60.0\src\tool_operhlp.h">
      <Filter>curl header files</Filter>
    </ClInclude>
    <ClInclude Include="D:\curl\curl-7.60.0\src\tool_panykey.h">
      <Filter>curl header files</Filter>
    </ClInclude>
    <ClInclude Include="D:\curl\curl-7.60.0\src\tool_paramhlp.h">
      <Filter>curl header files</Filter>
    </ClInclude>
    <ClInclude Include="D:\curl\curl-7.60.0\src\tool_parsecfg.h">
      <Filter>curl header files</Filter>
    </ClInclude>
    <ClInclude Include="D:\curl\curl-7.60.0\src\tool_sdecls.h">
      <Filter>curl header files</Filter>
    </ClInclude>
    <ClInclude Include="D:\curl\curl-7.60.0\src\tool_setopt.h">
      <Filter>curl header files</Filter>
    </ClInclude>
    <ClInclude Include="D:\curl\curl-7.60.0\src\tool_setup.h">
      <Filter>curl header files</Filter>
    </ClInclude>
    <ClInclude Include="D:\curl\curl-7.60.0\src\tool_sleep.h">
      <Filter>curl header files</Filter>
    </ClInclude>
    <ClInclude Include="D:\curl\curl-7.60.0\src\tool_strdup.h">
      <Filter>curl header files</Filter>
    </ClInclude>
    <ClInclude Include="D:\curl\curl-7.60.0\src\tool_urlglob.h">
      <Filter>curl header files</Filter>
    </ClInclude>
    <ClInclude Include="D:\curl\curl-7.60.0\src\tool_util.h">
      <Filter>curl header files</Filter>
    </ClInclude>
    <ClInclude Include="D:\curl\curl-7.60.0\src\tool_version.h">
      <Filter>curl header files</Filter>
    </ClInclude>
    <ClInclude Include="D:\curl\curl-7.60.0\src\tool_vms.h">
      <Filter>curl header files</Filter>
    </ClInclude>
    <ClInclude Include="D:\curl\curl-7.60.0\src\tool_writeout.h">
      <Filter>curl header files</Filter>
    </ClInclude>
    <ClInclude Include="D:\curl\curl-7.60.0\src\tool_xattr.h">
      <Filter>curl header files</Filter>
    </ClInclude>
  </ItemGroup>
  <ItemGroup>
    <CustomBuild Include="D:\curl\curl-7.60.0\build_x86\CMakeFiles\575e591eef3d1be823bdc30726485640\tool_hugehelp.c.rule">
      <Filter>CMake Rules</Filter>
    </CustomBuild>
    <CustomBuild Include="D:\curl\curl-7.60.0\src\CMakeLists.txt" />
  </ItemGroup>
  <ItemGroup>
    <ResourceCompile Include="D:\curl\curl-7.60.0\src\curl.rc">
      <Filter>Source Files</Filter>
    </ResourceCompile>
  </ItemGroup>
  <ItemGroup>
    <Filter Include="CMake Rules">
      <UniqueIdentifier>{A84555B7-482D-3B6C-8BBF-FF12090EDA95}</UniqueIdentifier>
    </Filter>
    <Filter Include="Source Files">
      <UniqueIdentifier>{22A2E755-FDE4-3BD5-BF61-B1C7EABC6E9D}</UniqueIdentifier>
    </Filter>
    <Filter Include="curl header files">
      <UniqueIdentifier>{CE9D951E-15A8-3B3E-8CE1-A8DBFB9B86DC}</UniqueIdentifier>
    </Filter>
    <Filter Include="curl source files">
      <UniqueIdentifier>{7A6AE63E-8B9C-3FE1-A212-44BD98F0EC16}</UniqueIdentifier>
    </Filter>
    <Filter Include="curlX source files">
      <UniqueIdentifier>{F4E78D05-DBC8-3890-B79D-6D2536A91ED1}</UniqueIdentifier>
    </Filter>
  </ItemGroup>
</Project>
